# Generated by move; do not edit
# This file should be checked in.

[move]
version = 4

[pinned.testnet.MoveStdlib]
source = { git = "https://github.com/MystenLabs/sui.git", subdir = "crates/sui-framework/packages/move-stdlib", rev = "ff1fe0ec455153707136cffd0dc77dfb77ba9ad5" }
use_environment = "testnet"
manifest_digest = "C4FE4C91DE74CBF223B2E380AE40F592177D21870DC2D7EB6227D2D694E05363"
deps = {}

[pinned.testnet.MoveStdlib_1]
source = { git = "https://github.com/MystenLabs/sui.git", subdir = "crates/sui-framework/packages/move-stdlib", rev = "718ae563a42fb4ba0d055588f81c704dcef58c25" }
use_environment = "testnet"
manifest_digest = "C4FE4C91DE74CBF223B2E380AE40F592177D21870DC2D7EB6227D2D694E05363"
deps = {}

[pinned.testnet.Sui]
source = { git = "https://github.com/MystenLabs/sui.git", subdir = "crates/sui-framework/packages/sui-framework", rev = "ff1fe0ec455153707136cffd0dc77dfb77ba9ad5" }
use_environment = "testnet"
manifest_digest = "7AFB66695545775FBFBB2D3078ADFD084244D5002392E837FDE21D9EA1C6D01C"
deps = { MoveStdlib = "MoveStdlib" }

[pinned.testnet.Sui_1]
source = { git = "https://github.com/MystenLabs/sui.git", subdir = "crates/sui-framework/packages/sui-framework", rev = "718ae563a42fb4ba0d055588f81c704dcef58c25" }
use_environment = "testnet"
manifest_digest = "7AFB66695545775FBFBB2D3078ADFD084244D5002392E837FDE21D9EA1C6D01C"
deps = { MoveStdlib = "MoveStdlib_1" }

[pinned.testnet.deepbook]
source = { local = "vendor/deepbook" }
use_environment = "testnet"
manifest_digest = "3DECFD089EF4CF0E0FE3E02E5C68B9A98D367A222C40A7A8A9AF67FED6D65ED4"
deps = { std = "MoveStdlib_1", sui = "Sui_1", token = "token" }

[pinned.testnet.deepbook_predict]
source = { local = "vendor/predict" }
use_environment = "testnet"
manifest_digest = "A81C4B20DFD70F7717C352CAEDCFF55ECC2D8ADF14590ACD328B67C26E88C321"
deps = { deepbook = "deepbook", std = "MoveStdlib_1", sui = "Sui_1" }

[pinned.testnet.helix]
source = { root = true }
use_environment = "testnet"
manifest_digest = "C717CDFC47C50AA33F6CDD786F084F66889169564CF5B5E81B35477F1B44087B"
deps = { MoveStdlib = "MoveStdlib", Sui = "Sui", deepbook_predict = "deepbook_predict" }

[pinned.testnet.token]
source = { local = "vendor/token" }
use_environment = "testnet"
manifest_digest = "5745706258F61D6CE210904B3E6AE87A73CE9D31A6F93BE4718C442529332A87"
deps = { std = "MoveStdlib_1", sui = "Sui_1" }
